
Microsoft Visual Studio Solution File, Format Version 12.00
# Visual Studio Version 17
VisualStudioVersion = 17.10.35122.118
MinimumVisualStudioVersion = 10.0.40219.1
Project("{2150E333-8FDC-42A3-9474-1A3956D46DE8}") = "Endidades", "Endidades", "{CFEAC277-2650-42B5-8703-74422229184F}"
EndProject
Project("{2150E333-8FDC-42A3-9474-1A3956D46DE8}") = "LogicaNegocio", "LogicaNegocio", "{9E92F3C5-6997-47CA-A665-AC6ED14CF98F}"
EndProject
Project("{2150E333-8FDC-42A3-9474-1A3956D46DE8}") = "Presentacion", "Presentacion", "{94894BD3-95C2-49E0-8D03-788B1D96AD8A}"
EndProject
Project("{2150E333-8FDC-42A3-9474-1A3956D46DE8}") = "AccesoDatos", "AccesoDatos", "{ADFD40F3-FDDE-41E6-8FA5-3110F1CE73E6}"
EndProject
Project("{FAE04EC0-301F-11D3-BF4B-00C04F79EFBC}") = "PryPresentacion", "PryPresentacion\PryPresentacion.csproj", "{FC8B8813-BFEE-4EA2-B09D-866175205633}"
EndProject
Project("{FAE04EC0-301F-11D3-BF4B-00C04F79EFBC}") = "PryAccesoDatos", "PryAccesoDatos\PryAccesoDatos.csproj", "{16CA2432-3C5D-4867-99F9-46ED72B447FA}"
EndProject
Project("{FAE04EC0-301F-11D3-BF4B-00C04F79EFBC}") = "PryEntidades", "PryEntidades\PryEntidades.csproj", "{3B911A3B-6439-478C-B86E-AFE48444F837}"
EndProject
Project("{FAE04EC0-301F-11D3-BF4B-00C04F79EFBC}") = "PryLogicaNegocio", "PryLogicaNegocio\PryLogicaNegocio.csproj", "{A2007A4D-AFC0-42F2-8CCD-9933C518E3A0}"
EndProject
Global
	GlobalSection(SolutionConfigurationPlatforms) = preSolution
		Debug|Any CPU = Debug|Any CPU
		Release|Any CPU = Release|Any CPU
	EndGlobalSection
	GlobalSection(ProjectConfigurationPlatforms) = postSolution
		{FC8B8813-BFEE-4EA2-B09D-866175205633}.Debug|Any CPU.ActiveCfg = Debug|Any CPU
		{FC8B8813-BFEE-4EA2-B09D-866175205633}.Debug|Any CPU.Build.0 = Debug|Any CPU
		{FC8B8813-BFEE-4EA2-B09D-866175205633}.Release|Any CPU.ActiveCfg = Release|Any CPU
		{FC8B8813-BFEE-4EA2-B09D-866175205633}.Release|Any CPU.Build.0 = Release|Any CPU
		{16CA2432-3C5D-4867-99F9-46ED72B447FA}.Debug|Any CPU.ActiveCfg = Debug|Any CPU
		{16CA2432-3C5D-4867-99F9-46ED72B447FA}.Debug|Any CPU.Build.0 = Debug|Any CPU
		{16CA2432-3C5D-4867-99F9-46ED72B447FA}.Release|Any CPU.ActiveCfg = Release|Any CPU
		{16CA2432-3C5D-4867-99F9-46ED72B447FA}.Release|Any CPU.Build.0 = Release|Any CPU
		{3B911A3B-6439-478C-B86E-AFE48444F837}.Debug|Any CPU.ActiveCfg = Debug|Any CPU
		{3B911A3B-6439-478C-B86E-AFE48444F837}.Debug|Any CPU.Build.0 = Debug|Any CPU
		{3B911A3B-6439-478C-B86E-AFE48444F837}.Release|Any CPU.ActiveCfg = Release|Any CPU
		{3B911A3B-6439-478C-B86E-AFE48444F837}.Release|Any CPU.Build.0 = Release|Any CPU
		{A2007A4D-AFC0-42F2-8CCD-9933C518E3A0}.Debug|Any CPU.ActiveCfg = Debug|Any CPU
		{A2007A4D-AFC0-42F2-8CCD-9933C518E3A0}.Debug|Any CPU.Build.0 = Debug|Any CPU
		{A2007A4D-AFC0-42F2-8CCD-9933C518E3A0}.Release|Any CPU.ActiveCfg = Release|Any CPU
		{A2007A4D-AFC0-42F2-8CCD-9933C518E3A0}.Release|Any CPU.Build.0 = Release|Any CPU
	EndGlobalSection
	GlobalSection(SolutionProperties) = preSolution
		HideSolutionNode = FALSE
	EndGlobalSection
	GlobalSection(NestedProjects) = preSolution
		{FC8B8813-BFEE-4EA2-B09D-866175205633} = {94894BD3-95C2-49E0-8D03-788B1D96AD8A}
		{16CA2432-3C5D-4867-99F9-46ED72B447FA} = {ADFD40F3-FDDE-41E6-8FA5-3110F1CE73E6}
		{3B911A3B-6439-478C-B86E-AFE48444F837} = {CFEAC277-2650-42B5-8703-74422229184F}
		{A2007A4D-AFC0-42F2-8CCD-9933C518E3A0} = {9E92F3C5-6997-47CA-A665-AC6ED14CF98F}
	EndGlobalSection
	GlobalSection(ExtensibilityGlobals) = postSolution
		SolutionGuid = {3F59F07E-78B9-4CF2-930A-7B4810280902}
	EndGlobalSection
EndGlobal
